// !$*UTF8*$!
{
	archiveVersion = 1;
	classes = {
	};
	objectVersion = 46;
	objects = {

/* Begin PBXBuildFile section */
		D29C2E0B195E8D2200A8D8EE /* AppDelegate.swift in Sources */ = {isa = PBXBuildFile; fileRef = D29C2E0A195E8D2200A8D8EE /* AppDelegate.swift */; };
		D29C2E0D195E8D2200A8D8EE /* SplitViewController.swift in Sources */ = {isa = PBXBuildFile; fileRef = D29C2E0C195E8D2200A8D8EE /* SplitViewController.swift */; };
		D29C2E10195E8D2200A8D8EE /* Main.storyboard in Resources */ = {isa = PBXBuildFile; fileRef = D29C2E0E195E8D2200A8D8EE /* Main.storyboard */; };
		D29C2E12195E8D2200A8D8EE /* Images.xcassets in Resources */ = {isa = PBXBuildFile; fileRef = D29C2E11195E8D2200A8D8EE /* Images.xcassets */; };
		D29C2E1E195E8D2300A8D8EE /* SwiftSplitViewControllerTests.swift in Sources */ = {isa = PBXBuildFile; fileRef = D29C2E1D195E8D2300A8D8EE /* SwiftSplitViewControllerTests.swift */; };
		D29C2E28195E8DD400A8D8EE /* SplitStoryboardSegue.swift in Sources */ = {isa = PBXBuildFile; fileRef = D29C2E27195E8DD400A8D8EE /* SplitStoryboardSegue.swift */; };
/* End PBXBuildFile section */

/* Begin PBXContainerItemProxy section */
		D29C2E18195E8D2200A8D8EE /* PBXContainerItemProxy */ = {
			isa = PBXContainerItemProxy;
			containerPortal = D29C2DFD195E8D2200A8D8EE /* Project object */;
			proxyType = 1;
			remoteGlobalIDString = D29C2E04195E8D2200A8D8EE;
			remoteInfo = SwiftSplitViewController;
		};
/* End PBXContainerItemProxy section */

/* Begin PBXFileReference section */
		D29C2E05195E8D2200A8D8EE /* SwiftSplitViewController.app */ = {isa = PBXFileReference; explicitFileType = wrapper.application; includeInIndex = 0; path = SwiftSplitViewController.app; sourceTree = BUILT_PRODUCTS_DIR; };
		D29C2E09195E8D2200A8D8EE /* Info.plist */ = {isa = PBXFileReference; lastKnownFileType = text.plist.xml; path = Info.plist; sourceTree = "<group>"; };
		D29C2E0A195E8D2200A8D8EE /* AppDelegate.swift */ = {isa = PBXFileReference; lastKnownFileType = sourcecode.swift; path = AppDelegate.swift; sourceTree = "<group>"; };
		D29C2E0C195E8D2200A8D8EE /* SplitViewController.swift */ = {isa = PBXFileReference; lastKnownFileType = sourcecode.swift; path = SplitViewController.swift; sourceTree = "<group>"; };
		D29C2E0F195E8D2200A8D8EE /* Base */ = {isa = PBXFileReference; lastKnownFileType = file.storyboard; name = Base; path = Base.lproj/Main.storyboard; sourceTree = "<group>"; };
		D29C2E11195E8D2200A8D8EE /* Images.xcassets */ = {isa = PBXFileReference; lastKnownFileType = folder.assetcatalog; path = Images.xcassets; sourceTree = "<group>"; };
		D29C2E17195E8D2200A8D8EE /* SwiftSplitViewControllerTests.xctest */ = {isa = PBXFileReference; explicitFileType = wrapper.cfbundle; includeInIndex = 0; path = SwiftSplitViewControllerTests.xctest; sourceTree = BUILT_PRODUCTS_DIR; };
		D29C2E1C195E8D2300A8D8EE /* Info.plist */ = {isa = PBXFileReference; lastKnownFileType = text.plist.xml; path = Info.plist; sourceTree = "<group>"; };
		D29C2E1D195E8D2300A8D8EE /* SwiftSplitViewControllerTests.swift */ = {isa = PBXFileReference; lastKnownFileType = sourcecode.swift; path = SwiftSplitViewControllerTests.swift; sourceTree = "<group>"; };
		D29C2E27195E8DD400A8D8EE /* SplitStoryboardSegue.swift */ = {isa = PBXFileReference; fileEncoding = 4; lastKnownFileType = sourcecode.swift; path = SplitStoryboardSegue.swift; sourceTree = "<group>"; };
/* End PBXFileReference section */

/* Begin PBXFrameworksBuildPhase section */
		D29C2E02195E8D2200A8D8EE /* Frameworks */ = {
			isa = PBXFrameworksBuildPhase;
			buildActionMask = 2147483647;
			files = (
			);
			runOnlyForDeploymentPostprocessing = 0;
		};
		D29C2E14195E8D2200A8D8EE /* Frameworks */ = {
			isa = PBXFrameworksBuildPhase;
			buildActionMask = 2147483647;
			files = (
			);
			runOnlyForDeploymentPostprocessing = 0;
		};
/* End PBXFrameworksBuildPhase section */

/* Begin PBXGroup section */
		D29C2DFC195E8D2200A8D8EE = {
			isa = PBXGroup;
			children = (
				D29C2E07195E8D2200A8D8EE /* SwiftSplitViewController */,
				D29C2E1A195E8D2200A8D8EE /* SwiftSplitViewControllerTests */,
				D29C2E06195E8D2200A8D8EE /* Products */,
			);
			sourceTree = "<group>";
		};
		D29C2E06195E8D2200A8D8EE /* Products */ = {
			isa = PBXGroup;
			children = (
				D29C2E05195E8D2200A8D8EE /* SwiftSplitViewController.app */,
				D29C2E17195E8D2200A8D8EE /* SwiftSplitViewControllerTests.xctest */,
			);
			name = Products;
			sourceTree = "<group>";
		};
		D29C2E07195E8D2200A8D8EE /* SwiftSplitViewController */ = {
			isa = PBXGroup;
			children = (
				D29C2E0A195E8D2200A8D8EE /* AppDelegate.swift */,
				D29C2E0C195E8D2200A8D8EE /* SplitViewController.swift */,
				D29C2E27195E8DD400A8D8EE /* SplitStoryboardSegue.swift */,
				D29C2E0E195E8D2200A8D8EE /* Main.storyboard */,
				D29C2E11195E8D2200A8D8EE /* Images.xcassets */,
				D29C2E08195E8D2200A8D8EE /* Supporting Files */,
			);
			path = SwiftSplitViewController;
			sourceTree = "<group>";
		};
		D29C2E08195E8D2200A8D8EE /* Supporting Files */ = {
			isa = PBXGroup;
			children = (
				D29C2E09195E8D2200A8D8EE /* Info.plist */,
			);
			name = "Supporting Files";
			sourceTree = "<group>";
		};
		D29C2E1A195E8D2200A8D8EE /* SwiftSplitViewControllerTests */ = {
			isa = PBXGroup;
			children = (
				D29C2E1D195E8D2300A8D8EE /* SwiftSplitViewControllerTests.swift */,
				D29C2E1B195E8D2300A8D8EE /* Supporting Files */,
			);
			path = SwiftSplitViewControllerTests;
			sourceTree = "<group>";
		};
		D29C2E1B195E8D2300A8D8EE /* Supporting Files */ = {
			isa = PBXGroup;
			children = (
				D29C2E1C195E8D2300A8D8EE /* Info.plist */,
			);
			name = "Supporting Files";
			sourceTree = "<group>";
		};
/* End PBXGroup section */

/* Begin PBXNativeTarget section */
		D29C2E04195E8D2200A8D8EE /* SwiftSplitViewController */ = {
			isa = PBXNativeTarget;
			buildConfigurationList = D29C2E21195E8D2300A8D8EE /* Build configuration list for PBXNativeTarget "SwiftSplitViewController" */;
			buildPhases = (
				D29C2E01195E8D2200A8D8EE /* Sources */,
				D29C2E02195E8D2200A8D8EE /* Frameworks */,
				D29C2E03195E8D2200A8D8EE /* Resources */,
			);
			buildRules = (
			);
			dependencies = (
			);
			name = SwiftSplitViewController;
			productName = SwiftSplitViewController;
			productReference = D29C2E05195E8D2200A8D8EE /* SwiftSplitViewController.app */;
			productType = "com.apple.product-type.application";
		};
		D29C2E16195E8D2200A8D8EE /* SwiftSplitViewControllerTests */ = {
			isa = PBXNativeTarget;
			buildConfigurationList = D29C2E24195E8D2300A8D8EE /* Build configuration list for PBXNativeTarget "SwiftSplitViewControllerTests" */;
			buildPhases = (
				D29C2E13195E8D2200A8D8EE /* Sources */,
				D29C2E14195E8D2200A8D8EE /* Frameworks */,
				D29C2E15195E8D2200A8D8EE /* Resources */,
			);
			buildRules = (
			);
			dependencies = (
				D29C2E19195E8D2200A8D8EE /* PBXTargetDependency */,
			);
			name = SwiftSplitViewControllerTests;
			productName = SwiftSplitViewControllerTests;
			productReference = D29C2E17195E8D2200A8D8EE /* SwiftSplitViewControllerTests.xctest */;
			productType = "com.apple.product-type.bundle.unit-test";
		};
/* End PBXNativeTarget section */

/* Begin PBXProject section */
		D29C2DFD195E8D2200A8D8EE /* Project object */ = {
			isa = PBXProject;
			attributes = {
				LastUpgradeCheck = 0600;
				ORGANIZATIONNAME = "Steven Stevenson";
				TargetAttributes = {
					D29C2E04195E8D2200A8D8EE = {
						CreatedOnToolsVersion = 6.0;
					};
					D29C2E16195E8D2200A8D8EE = {
						CreatedOnToolsVersion = 6.0;
						TestTargetID = D29C2E04195E8D2200A8D8EE;
					};
				};
			};
			buildConfigurationList = D29C2E00195E8D2200A8D8EE /* Build configuration list for PBXProject "SwiftSplitViewController" */;
			compatibilityVersion = "Xcode 3.2";
			developmentRegion = English;
			hasScannedForEncodings = 0;
			knownRegions = (
				en,
				Base,
			);
			mainGroup = D29C2DFC195E8D2200A8D8EE;
			productRefGroup = D29C2E06195E8D2200A8D8EE /* Products */;
			projectDirPath = "";
			projectRoot = "";
			targets = (
				D29C2E04195E8D2200A8D8EE /* SwiftSplitViewController */,
				D29C2E16195E8D2200A8D8EE /* SwiftSplitViewControllerTests */,
			);
		};
/* End PBXProject section */

/* Begin PBXResourcesBuildPhase section */
		D29C2E03195E8D2200A8D8EE /* Resources */ = {
			isa = PBXResourcesBuildPhase;
			buildActionMask = 2147483647;
			files = (
				D29C2E10195E8D2200A8D8EE /* Main.storyboard in Resources */,
				D29C2E12195E8D2200A8D8EE /* Images.xcassets in Resources */,
			);
			runOnlyForDeploymentPostprocessing = 0;
		};
		D29C2E15195E8D2200A8D8EE /* Resources */ = {
			isa = PBXResourcesBuildPhase;
			buildActionMask = 2147483647;
			files = (
			);
			runOnlyForDeploymentPostprocessing = 0;
		};
/* End PBXResourcesBuildPhase section */

/* Begin PBXSourcesBuildPhase section */
		D29C2E01195E8D2200A8D8EE /* Sources */ = {
			isa = PBXSourcesBuildPhase;
			buildActionMask = 2147483647;
			files = (
				D29C2E0D195E8D2200A8D8EE /* SplitViewController.swift in Sources */,
				D29C2E28195E8DD400A8D8EE /* SplitStoryboardSegue.swift in Sources */,
				D29C2E0B195E8D2200A8D8EE /* AppDelegate.swift in Sources */,
			);
			runOnlyForDeploymentPostprocessing = 0;
		};
		D29C2E13195E8D2200A8D8EE /* Sources */ = {
			isa = PBXSourcesBuildPhase;
			buildActionMask = 2147483647;
			files = (
				D29C2E1E195E8D2300A8D8EE /* SwiftSplitViewControllerTests.swift in Sources */,
			);
			runOnlyForDeploymentPostprocessing = 0;
		};
/* End PBXSourcesBuildPhase section */

/* Begin PBXTargetDependency section */
		D29C2E19195E8D2200A8D8EE /* PBXTargetDependency */ = {
			isa = PBXTargetDependency;
			target = D29C2E04195E8D2200A8D8EE /* SwiftSplitViewController */;
			targetProxy = D29C2E18195E8D2200A8D8EE /* PBXContainerItemProxy */;
		};
/* End PBXTargetDependency section */

/* Begin PBXVariantGroup section */
		D29C2E0E195E8D2200A8D8EE /* Main.storyboard */ = {
			isa = PBXVariantGroup;
			children = (
				D29C2E0F195E8D2200A8D8EE /* Base */,
			);
			name = Main.storyboard;
			sourceTree = "<group>";
		};
/* End PBXVariantGroup section */

/* Begin XCBuildConfiguration section */
		D29C2E1F195E8D2300A8D8EE /* Debug */ = {
			isa = XCBuildConfiguration;
			buildSettings = {
				ALWAYS_SEARCH_USER_PATHS = NO;
				CLANG_CXX_LANGUAGE_STANDARD = "gnu++0x";
				CLANG_CXX_LIBRARY = "libc++";
				CLANG_ENABLE_MODULES = YES;
				CLANG_ENABLE_OBJC_ARC = YES;
				CLANG_WARN_BOOL_CONVERSION = YES;
				CLANG_WARN_CONSTANT_CONVERSION = YES;
				CLANG_WARN_DIRECT_OBJC_ISA_USAGE = YES_ERROR;
				CLANG_WARN_EMPTY_BODY = YES;
				CLANG_WARN_ENUM_CONVERSION = YES;
				CLANG_WARN_INT_CONVERSION = YES;
				CLANG_WARN_OBJC_ROOT_CLASS = YES_ERROR;
				CLANG_WARN_UNREACHABLE_CODE = YES;
				CLANG_WARN__DUPLICATE_METHOD_MATCH = YES;
				"CODE_SIGN_IDENTITY[sdk=iphoneos*]" = "iPhone Developer";
				COPY_PHASE_STRIP = NO;
				ENABLE_STRICT_OBJC_MSGSEND = YES;
				GCC_C_LANGUAGE_STANDARD = gnu99;
				GCC_DYNAMIC_NO_PIC = NO;
				GCC_OPTIMIZATION_LEVEL = 0;
				GCC_PREPROCESSOR_DEFINITIONS = (
					"DEBUG=1",
					"$(inherited)",
				);
				GCC_SYMBOLS_PRIVATE_EXTERN = NO;
				GCC_WARN_64_TO_32_BIT_CONVERSION = YES;
				GCC_WARN_ABOUT_RETURN_TYPE = YES_ERROR;
				GCC_WARN_UNDECLARED_SELECTOR = YES;
				GCC_WARN_UNINITIALIZED_AUTOS = YES_AGGRESSIVE;
				GCC_WARN_UNUSED_FUNCTION = YES;
				GCC_WARN_UNUSED_VARIABLE = YES;
				IPHONEOS_DEPLOYMENT_TARGET = 8.0;
				METAL_ENABLE_DEBUG_INFO = YES;
				ONLY_ACTIVE_ARCH = YES;
				SDKROOT = iphoneos;
				SWIFT_OPTIMIZATION_LEVEL = "-Onone";
			};
			name = Debug;
		};
		D29C2E20195E8D2300A8D8EE /* Release */ = {
			isa = XCBuildConfiguration;
			buildSettings = {
				ALWAYS_SEARCH_USER_PATHS = NO;
				CLANG_CXX_LANGUAGE_STANDARD = "gnu++0x";
				CLANG_CXX_LIBRARY = "libc++";
				CLANG_ENABLE_MODULES = YES;
				CLANG_ENABLE_OBJC_ARC = YES;
				CLANG_WARN_BOOL_CONVERSION = YES;
				CLANG_WARN_CONSTANT_CONVERSION = YES;
				CLANG_WARN_DIRECT_OBJC_ISA_USAGE = YES_ERROR;
				CLANG_WARN_EMPTY_BODY = YES;
				CLANG_WARN_ENUM_CONVERSION = YES;
				CLANG_WARN_INT_CONVERSION = YES;
				CLANG_WARN_OBJC_ROOT_CLASS = YES_ERROR;
				CLANG_WARN_UNREACHABLE_CODE = YES;
				CLANG_WARN__DUPLICATE_METHOD_MATCH = YES;
				"CODE_SIGN_IDENTITY[sdk=iphoneos*]" = "iPhone Developer";
				COPY_PHASE_STRIP = YES;
				ENABLE_NS_ASSERTIONS = NO;
				ENABLE_STRICT_OBJC_MSGSEND = YES;
				GCC_C_LANGUAGE_STANDARD = gnu99;
				GCC_WARN_64_TO_32_BIT_CONVERSION = YES;
				GCC_WARN_ABOUT_RETURN_TYPE = YES_ERROR;
				GCC_WARN_UNDECLARED_SELECTOR = YES;
				GCC_WARN_UNINITIALIZED_AUTOS = YES_AGGRESSIVE;
				GCC_WARN_UNUSED_FUNCTION = YES;
				GCC_WARN_UNUSED_VARIABLE = YES;
				IPHONEOS_DEPLOYMENT_TARGET = 8.0;
				METAL_ENABLE_DEBUG_INFO = NO;
				SDKROOT = iphoneos;
				VALIDATE_PRODUCT = YES;
			};
			name = Release;
		};
		D29C2E22195E8D2300A8D8EE /* Debug */ = {
			isa = XCBuildConfiguration;
			buildSettings = {
				ASSETCATALOG_COMPILER_APPICON_NAME = AppIcon;
				ASSETCATALOG_COMPILER_LAUNCHIMAGE_NAME = LaunchImage;
				INFOPLIST_FILE = SwiftSplitViewController/Info.plist;
				LD_RUNPATH_SEARCH_PATHS = "$(inherited) @executable_path/Frameworks";
				PRODUCT_NAME = "$(TARGET_NAME)";
			};
			name = Debug;
		};
		D29C2E23195E8D2300A8D8EE /* Release */ = {
			isa = XCBuildConfiguration;
			buildSettings = {
				ASSETCATALOG_COMPILER_APPICON_NAME = AppIcon;
				ASSETCATALOG_COMPILER_LAUNCHIMAGE_NAME = LaunchImage;
				INFOPLIST_FILE = SwiftSplitViewController/Info.plist;
				LD_RUNPATH_SEARCH_PATHS = "$(inherited) @executable_path/Frameworks";
				PRODUCT_NAME = "$(TARGET_NAME)";
			};
			name = Release;
		};
		D29C2E25195E8D2300A8D8EE /* Debug */ = {
			isa = XCBuildConfiguration;
			buildSettings = {
				BUNDLE_LOADER = "$(BUILT_PRODUCTS_DIR)/SwiftSplitViewController.app/SwiftSplitViewController";
				FRAMEWORK_SEARCH_PATHS = (
					"$(SDKROOT)/Developer/Library/Frameworks",
					"$(inherited)",
				);
				GCC_PREPROCESSOR_DEFINITIONS = (
					"DEBUG=1",
					"$(inherited)",
				);
				INFOPLIST_FILE = SwiftSplitViewControllerTests/Info.plist;
				LD_RUNPATH_SEARCH_PATHS = "$(inherited) @executable_path/Frameworks @loader_path/Frameworks";
				METAL_ENABLE_DEBUG_INFO = YES;
				PRODUCT_NAME = "$(TARGET_NAME)";
				TEST_HOST = "$(BUNDLE_LOADER)";
			};
			name = Debug;
		};
		D29C2E26195E8D2300A8D8EE /* Release */ = {
			isa = XCBuildConfiguration;
			buildSettings = {
				BUNDLE_LOADER = "$(BUILT_PRODUCTS_DIR)/SwiftSplitViewController.app/SwiftSplitViewController";
				FRAMEWORK_SEARCH_PATHS = (
					"$(SDKROOT)/Developer/Library/Frameworks",
					"$(inherited)",
				);
				INFOPLIST_FILE = SwiftSplitViewControllerTests/Info.plist;
				LD_RUNPATH_SEARCH_PATHS = "$(inherited) @executable_path/Frameworks @loader_path/Frameworks";
				METAL_ENABLE_DEBUG_INFO = NO;
				PRODUCT_NAME = "$(TARGET_NAME)";
				TEST_HOST = "$(BUNDLE_LOADER)";
			};
			name = Release;
		};
/* End XCBuildConfiguration section */

/* Begin XCConfigurationList section */
		D29C2E00195E8D2200A8D8EE /* Build configuration list for PBXProject "SwiftSplitViewController" */ = {
			isa = XCConfigurationList;
			buildConfigurations = (
				D29C2E1F195E8D2300A8D8EE /* Debug */,
				D29C2E20195E8D2300A8D8EE /* Release */,
			);
			defaultConfigurationIsVisible = 0;
			defaultConfigurationName = Release;
		};
		D29C2E21195E8D2300A8D8EE /* Build configuration list for PBXNativeTarget "SwiftSplitViewController" */ = {
			isa = XCConfigurationList;
			buildConfigurations = (
				D29C2E22195E8D2300A8D8EE /* Debug */,
				D29C2E23195E8D2300A8D8EE /* Release */,
			);
			defaultConfigurationIsVisible = 0;
		};
		D29C2E24195E8D2300A8D8EE /* Build configuration list for PBXNativeTarget "SwiftSplitViewControllerTests" */ = {
			isa = XCConfigurationList;
			buildConfigurations = (
				D29C2E25195E8D2300A8D8EE /* Debug */,
				D29C2E26195E8D2300A8D8EE /* Release */,
			);
			defaultConfigurationIsVisible = 0;
		};
/* End XCConfigurationList section */
	};
	rootObject = D29C2DFD195E8D2200A8D8EE /* Project object */;
}
